{
    "name": "@wyvr/package-devtools",
    "version": "0.0.0",
    "lockfileVersion": 2,
    "requires": true,
    "packages": {
        "": {
            "name": "@wyvr/package-devtools",
            "version": "0.0.0",
            "license": "MIT",
            "dependencies": {
                "perfume.js": "^9.2.0"
            },
            "devDependencies": {}
        },
        "node_modules/perfume.js": {
            "version": "9.2.0",
            "resolved": "https://registry.npmjs.org/perfume.js/-/perfume.js-9.2.0.tgz",
            "integrity": "sha512-nQfWzedTZgeWyy2d8up0DN1TziydR9C1VfQcpF9UaHPYILQtvTrArvnQoAVsa34sT/nD7D94bzy5vJHIGcTM4A==",
            "dependencies": {
                "web-vitals": "^3.5.0"
            },
            "engines": {
                "node": ">=10.0.0"
            }
        },
        "node_modules/web-vitals": {
            "version": "3.5.0",
            "resolved": "https://registry.npmjs.org/web-vitals/-/web-vitals-3.5.0.tgz",
            "integrity": "sha512-f5YnCHVG9Y6uLCePD4tY8bO/Ge15NPEQWtvm3tPzDKygloiqtb4SVqRHBcrIAqo2ztqX5XueqDn97zHF0LdT6w=="
        }
    },
    "dependencies": {
        "perfume.js": {
            "version": "9.2.0",
            "resolved": "https://registry.npmjs.org/perfume.js/-/perfume.js-9.2.0.tgz",
            "integrity": "sha512-nQfWzedTZgeWyy2d8up0DN1TziydR9C1VfQcpF9UaHPYILQtvTrArvnQoAVsa34sT/nD7D94bzy5vJHIGcTM4A==",
            "requires": {
                "web-vitals": "^3.5.0"
            }
        },
        "web-vitals": {
            "version": "3.5.0",
            "resolved": "https://registry.npmjs.org/web-vitals/-/web-vitals-3.5.0.tgz",
            "integrity": "sha512-f5YnCHVG9Y6uLCePD4tY8bO/Ge15NPEQWtvm3tPzDKygloiqtb4SVqRHBcrIAqo2ztqX5XueqDn97zHF0LdT6w=="
        }
    }
}
