{
  "name": "@wyvr/package-devtools",
  "lockfileVersion": 2,
  "requires": true,
  "packages": {
    "": {
      "name": "@wyvr/package-devtools",
      "dependencies": {
        "perfume.js": "^9.0.0-rc.3"
      }
    },
    "node_modules/perfume.js": {
      "version": "9.0.0-rc.3",
      "resolved": "https://registry.npmjs.org/perfume.js/-/perfume.js-9.0.0-rc.3.tgz",
      "integrity": "sha512-USn15cJ3jmOj8wpVHItR8wvbm9Wdir3JJFME6GcLGmc+MUMDz6MrdRi0VFv9U/HeaUhS7sb2Y0kf+ORQ3rtkQg==",
      "dependencies": {
        "web-vitals": "^3.1.0"
      },
      "engines": {
        "node": ">=10.0.0"
      }
    },
    "node_modules/web-vitals": {
      "version": "3.3.1",
      "resolved": "https://registry.npmjs.org/web-vitals/-/web-vitals-3.3.1.tgz",
      "integrity": "sha512-LTfY5GjcY3ngFzNsYFSYL+AmVmlWrzPTUxSMDis2rZbf+SzT7HH3NH4Y/l45XOlrAIunOBeURN9qtBHkRskAiA=="
    }
  },
  "dependencies": {
    "perfume.js": {
      "version": "9.0.0-rc.3",
      "resolved": "https://registry.npmjs.org/perfume.js/-/perfume.js-9.0.0-rc.3.tgz",
      "integrity": "sha512-USn15cJ3jmOj8wpVHItR8wvbm9Wdir3JJFME6GcLGmc+MUMDz6MrdRi0VFv9U/HeaUhS7sb2Y0kf+ORQ3rtkQg==",
      "requires": {
        "web-vitals": "^3.1.0"
      }
    },
    "web-vitals": {
      "version": "3.3.1",
      "resolved": "https://registry.npmjs.org/web-vitals/-/web-vitals-3.3.1.tgz",
      "integrity": "sha512-LTfY5GjcY3ngFzNsYFSYL+AmVmlWrzPTUxSMDis2rZbf+SzT7HH3NH4Y/l45XOlrAIunOBeURN9qtBHkRskAiA=="
    }
  }
}
